// !$*UTF8*$!
{
	archiveVersion = 1;
	classes = {
	};
	objectVersion = 46;
	objects = {

/* Begin PBXBuildFile section */
		6C1C2C951E2DDC8D00D00AD9 /* AppDelegate.swift in Sources */ = {isa = PBXBuildFile; fileRef = 6C1C2C941E2DDC8D00D00AD9 /* AppDelegate.swift */; };
		6C1C2C971E2DDC8D00D00AD9 /* ViewController.swift in Sources */ = {isa = PBXBuildFile; fileRef = 6C1C2C961E2DDC8D00D00AD9 /* ViewController.swift */; };
		6C1C2C9A1E2DDC8D00D00AD9 /* Main.storyboard in Resources */ = {isa = PBXBuildFile; fileRef = 6C1C2C981E2DDC8D00D00AD9 /* Main.storyboard */; };
		6C1C2C9C1E2DDC8D00D00AD9 /* Assets.xcassets in Resources */ = {isa = PBXBuildFile; fileRef = 6C1C2C9B1E2DDC8D00D00AD9 /* Assets.xcassets */; };
		6C1C2C9F1E2DDC8D00D00AD9 /* LaunchScreen.storyboard in Resources */ = {isa = PBXBuildFile; fileRef = 6C1C2C9D1E2DDC8D00D00AD9 /* LaunchScreen.storyboard */; };
		6C1C2CA91E2DDCB500D00AD9 /* board.png in Resources */ = {isa = PBXBuildFile; fileRef = 6C1C2CA61E2DDCB500D00AD9 /* board.png */; };
		6C1C2CAA1E2DDCB500D00AD9 /* cross.png in Resources */ = {isa = PBXBuildFile; fileRef = 6C1C2CA71E2DDCB500D00AD9 /* cross.png */; };
		6C1C2CAB1E2DDCB500D00AD9 /* nought.png in Resources */ = {isa = PBXBuildFile; fileRef = 6C1C2CA81E2DDCB500D00AD9 /* nought.png */; };
/* End PBXBuildFile section */

/* Begin PBXFileReference section */
		6C1C2C911E2DDC8D00D00AD9 /* tictactoe.app */ = {isa = PBXFileReference; explicitFileType = wrapper.application; includeInIndex = 0; path = tictactoe.app; sourceTree = BUILT_PRODUCTS_DIR; };
		6C1C2C941E2DDC8D00D00AD9 /* AppDelegate.swift */ = {isa = PBXFileReference; lastKnownFileType = sourcecode.swift; path = AppDelegate.swift; sourceTree = "<group>"; };
		6C1C2C961E2DDC8D00D00AD9 /* ViewController.swift */ = {isa = PBXFileReference; lastKnownFileType = sourcecode.swift; path = ViewController.swift; sourceTree = "<group>"; };
		6C1C2C991E2DDC8D00D00AD9 /* Base */ = {isa = PBXFileReference; lastKnownFileType = file.storyboard; name = Base; path = Base.lproj/Main.storyboard; sourceTree = "<group>"; };
		6C1C2C9B1E2DDC8D00D00AD9 /* Assets.xcassets */ = {isa = PBXFileReference; lastKnownFileType = folder.assetcatalog; path = Assets.xcassets; sourceTree = "<group>"; };
		6C1C2C9E1E2DDC8D00D00AD9 /* Base */ = {isa = PBXFileReference; lastKnownFileType = file.storyboard; name = Base; path = Base.lproj/LaunchScreen.storyboard; sourceTree = "<group>"; };
		6C1C2CA01E2DDC8D00D00AD9 /* Info.plist */ = {isa = PBXFileReference; lastKnownFileType = text.plist.xml; path = Info.plist; sourceTree = "<group>"; };
		6C1C2CA61E2DDCB500D00AD9 /* board.png */ = {isa = PBXFileReference; lastKnownFileType = image.png; path = board.png; sourceTree = "<group>"; };
		6C1C2CA71E2DDCB500D00AD9 /* cross.png */ = {isa = PBXFileReference; lastKnownFileType = image.png; path = cross.png; sourceTree = "<group>"; };
		6C1C2CA81E2DDCB500D00AD9 /* nought.png */ = {isa = PBXFileReference; lastKnownFileType = image.png; path = nought.png; sourceTree = "<group>"; };
/* End PBXFileReference section */

/* Begin PBXFrameworksBuildPhase section */
		6C1C2C8E1E2DDC8C00D00AD9 /* Frameworks */ = {
			isa = PBXFrameworksBuildPhase;
			buildActionMask = 2147483647;
			files = (
			);
			runOnlyForDeploymentPostprocessing = 0;
		};
/* End PBXFrameworksBuildPhase section */

/* Begin PBXGroup section */
		6C1C2C881E2DDC8C00D00AD9 = {
			isa = PBXGroup;
			children = (
				6C1C2C931E2DDC8D00D00AD9 /* tictactoe */,
				6C1C2C921E2DDC8D00D00AD9 /* Products */,
			);
			sourceTree = "<group>";
		};
		6C1C2C921E2DDC8D00D00AD9 /* Products */ = {
			isa = PBXGroup;
			children = (
				6C1C2C911E2DDC8D00D00AD9 /* tictactoe.app */,
			);
			name = Products;
			sourceTree = "<group>";
		};
		6C1C2C931E2DDC8D00D00AD9 /* tictactoe */ = {
			isa = PBXGroup;
			children = (
				6C1C2C941E2DDC8D00D00AD9 /* AppDelegate.swift */,
				6C1C2C961E2DDC8D00D00AD9 /* ViewController.swift */,
				6C1C2C981E2DDC8D00D00AD9 /* Main.storyboard */,
				6C1C2CA61E2DDCB500D00AD9 /* board.png */,
				6C1C2CA71E2DDCB500D00AD9 /* cross.png */,
				6C1C2CA81E2DDCB500D00AD9 /* nought.png */,
				6C1C2C9B1E2DDC8D00D00AD9 /* Assets.xcassets */,
				6C1C2C9D1E2DDC8D00D00AD9 /* LaunchScreen.storyboard */,
				6C1C2CA01E2DDC8D00D00AD9 /* Info.plist */,
			);
			path = tictactoe;
			sourceTree = "<group>";
		};
/* End PBXGroup section */

/* Begin PBXNativeTarget section */
		6C1C2C901E2DDC8C00D00AD9 /* tictactoe */ = {
			isa = PBXNativeTarget;
			buildConfigurationList = 6C1C2CA31E2DDC8D00D00AD9 /* Build configuration list for PBXNativeTarget "tictactoe" */;
			buildPhases = (
				6C1C2C8D1E2DDC8C00D00AD9 /* Sources */,
				6C1C2C8E1E2DDC8C00D00AD9 /* Frameworks */,
				6C1C2C8F1E2DDC8C00D00AD9 /* Resources */,
			);
			buildRules = (
			);
			dependencies = (
			);
			name = tictactoe;
			productName = tictactoe;
			productReference = 6C1C2C911E2DDC8D00D00AD9 /* tictactoe.app */;
			productType = "com.apple.product-type.application";
		};
/* End PBXNativeTarget section */

/* Begin PBXProject section */
		6C1C2C891E2DDC8C00D00AD9 /* Project object */ = {
			isa = PBXProject;
			attributes = {
				LastSwiftUpdateCheck = 0820;
				LastUpgradeCheck = 0910;
				ORGANIZATIONNAME = Appdelight;
				TargetAttributes = {
					6C1C2C901E2DDC8C00D00AD9 = {
						CreatedOnToolsVersion = 8.2.1;
						LastSwiftMigration = 0910;
						ProvisioningStyle = Automatic;
					};
				};
			};
			buildConfigurationList = 6C1C2C8C1E2DDC8C00D00AD9 /* Build configuration list for PBXProject "tictactoe" */;
			compatibilityVersion = "Xcode 3.2";
			developmentRegion = English;
			hasScannedForEncodings = 0;
			knownRegions = (
				en,
				Base,
			);
			mainGroup = 6C1C2C881E2DDC8C00D00AD9;
			productRefGroup = 6C1C2C921E2DDC8D00D00AD9 /* Products */;
			projectDirPath = "";
			projectRoot = "";
			targets = (
				6C1C2C901E2DDC8C00D00AD9 /* tictactoe */,
			);
		};
/* End PBXProject section */

/* Begin PBXResourcesBuildPhase section */
		6C1C2C8F1E2DDC8C00D00AD9 /* Resources */ = {
			isa = PBXResourcesBuildPhase;
			buildActionMask = 2147483647;
			files = (
				6C1C2CAA1E2DDCB500D00AD9 /* cross.png in Resources */,
				6C1C2CA91E2DDCB500D00AD9 /* board.png in Resources */,
				6C1C2CAB1E2DDCB500D00AD9 /* nought.png in Resources */,
				6C1C2C9F1E2DDC8D00D00AD9 /* LaunchScreen.storyboard in Resources */,
				6C1C2C9C1E2DDC8D00D00AD9 /* Assets.xcassets in Resources */,
				6C1C2C9A1E2DDC8D00D00AD9 /* Main.storyboard in Resources */,
			);
			runOnlyForDeploymentPostprocessing = 0;
		};
/* End PBXResourcesBuildPhase section */

/* Begin PBXSourcesBuildPhase section */
		6C1C2C8D1E2DDC8C00D00AD9 /* Sources */ = {
			isa = PBXSourcesBuildPhase;
			buildActionMask = 2147483647;
			files = (
				6C1C2C971E2DDC8D00D00AD9 /* ViewController.swift in Sources */,
				6C1C2C951E2DDC8D00D00AD9 /* AppDelegate.swift in Sources */,
			);
			runOnlyForDeploymentPostprocessing = 0;
		};
/* End PBXSourcesBuildPhase section */

/* Begin PBXVariantGroup section */
		6C1C2C981E2DDC8D00D00AD9 /* Main.storyboard */ = {
			isa = PBXVariantGroup;
			children = (
				6C1C2C991E2DDC8D00D00AD9 /* Base */,
			);
			name = Main.storyboard;
			sourceTree = "<group>";
		};
		6C1C2C9D1E2DDC8D00D00AD9 /* LaunchScreen.storyboard */ = {
			isa = PBXVariantGroup;
			children = (
				6C1C2C9E1E2DDC8D00D00AD9 /* Base */,
			);
			name = LaunchScreen.storyboard;
			sourceTree = "<group>";
		};
/* End PBXVariantGroup section */

/* Begin XCBuildConfiguration section */
		6C1C2CA11E2DDC8D00D00AD9 /* Debug */ = {
			isa = XCBuildConfiguration;
			buildSettings = {
				ALWAYS_SEARCH_USER_PATHS = NO;
				CLANG_ANALYZER_NONNULL = YES;
				CLANG_CXX_LANGUAGE_STANDARD = "gnu++0x";
				CLANG_CXX_LIBRARY = "libc++";
				CLANG_ENABLE_MODULES = YES;
				CLANG_ENABLE_OBJC_ARC = YES;
				CLANG_WARN_BLOCK_CAPTURE_AUTORELEASING = YES;
				CLANG_WARN_BOOL_CONVERSION = YES;
				CLANG_WARN_COMMA = YES;
				CLANG_WARN_CONSTANT_CONVERSION = YES;
				CLANG_WARN_DIRECT_OBJC_ISA_USAGE = YES_ERROR;
				CLANG_WARN_DOCUMENTATION_COMMENTS = YES;
				CLANG_WARN_EMPTY_BODY = YES;
				CLANG_WARN_ENUM_CONVERSION = YES;
				CLANG_WARN_INFINITE_RECURSION = YES;
				CLANG_WARN_INT_CONVERSION = YES;
				CLANG_WARN_NON_LITERAL_NULL_CONVERSION = YES;
				CLANG_WARN_OBJC_LITERAL_CONVERSION = YES;
				CLANG_WARN_OBJC_ROOT_CLASS = YES_ERROR;
				CLANG_WARN_RANGE_LOOP_ANALYSIS = YES;
				CLANG_WARN_STRICT_PROTOTYPES = YES;
				CLANG_WARN_SUSPICIOUS_MOVE = YES;
				CLANG_WARN_UNREACHABLE_CODE = YES;
				CLANG_WARN__DUPLICATE_METHOD_MATCH = YES;
				"CODE_SIGN_IDENTITY[sdk=iphoneos*]" = "iPhone Developer";
				COPY_PHASE_STRIP = NO;
				DEBUG_INFORMATION_FORMAT = dwarf;
				ENABLE_STRICT_OBJC_MSGSEND = YES;
				ENABLE_TESTABILITY = YES;
				GCC_C_LANGUAGE_STANDARD = gnu99;
				GCC_DYNAMIC_NO_PIC = NO;
				GCC_NO_COMMON_BLOCKS = YES;
				GCC_OPTIMIZATION_LEVEL = 0;
				GCC_PREPROCESSOR_DEFINITIONS = (
					"DEBUG=1",
					"$(inherited)",
				);
				GCC_WARN_64_TO_32_BIT_CONVERSION = YES;
				GCC_WARN_ABOUT_RETURN_TYPE = YES_ERROR;
				GCC_WARN_UNDECLARED_SELECTOR = YES;
				GCC_WARN_UNINITIALIZED_AUTOS = YES_AGGRESSIVE;
				GCC_WARN_UNUSED_FUNCTION = YES;
				GCC_WARN_UNUSED_VARIABLE = YES;
				IPHONEOS_DEPLOYMENT_TARGET = 10.2;
				MTL_ENABLE_DEBUG_INFO = YES;
				ONLY_ACTIVE_ARCH = YES;
				SDKROOT = iphoneos;
				SWIFT_ACTIVE_COMPILATION_CONDITIONS = DEBUG;
				SWIFT_OPTIMIZATION_LEVEL = "-Onone";
				TARGETED_DEVICE_FAMILY = "1,2";
			};
			name = Debug;
		};
		6C1C2CA21E2DDC8D00D00AD9 /* Release */ = {
			isa = XCBuildConfiguration;
			buildSettings = {
				ALWAYS_SEARCH_USER_PATHS = NO;
				CLANG_ANALYZER_NONNULL = YES;
				CLANG_CXX_LANGUAGE_STANDARD = "gnu++0x";
				CLANG_CXX_LIBRARY = "libc++";
				CLANG_ENABLE_MODULES = YES;
				CLANG_ENABLE_OBJC_ARC = YES;
				CLANG_WARN_BLOCK_CAPTURE_AUTORELEASING = YES;
				CLANG_WARN_BOOL_CONVERSION = YES;
				CLANG_WARN_COMMA = YES;
				CLANG_WARN_CONSTANT_CONVERSION = YES;
				CLANG_WARN_DIRECT_OBJC_ISA_USAGE = YES_ERROR;
				CLANG_WARN_DOCUMENTATION_COMMENTS = YES;
				CLANG_WARN_EMPTY_BODY = YES;
				CLANG_WARN_ENUM_CONVERSION = YES;
				CLANG_WARN_INFINITE_RECURSION = YES;
				CLANG_WARN_INT_CONVERSION = YES;
				CLANG_WARN_NON_LITERAL_NULL_CONVERSION = YES;
				CLANG_WARN_OBJC_LITERAL_CONVERSION = YES;
				CLANG_WARN_OBJC_ROOT_CLASS = YES_ERROR;
				CLANG_WARN_RANGE_LOOP_ANALYSIS = YES;
				CLANG_WARN_STRICT_PROTOTYPES = YES;
				CLANG_WARN_SUSPICIOUS_MOVE = YES;
				CLANG_WARN_UNREACHABLE_CODE = YES;
				CLANG_WARN__DUPLICATE_METHOD_MATCH = YES;
				"CODE_SIGN_IDENTITY[sdk=iphoneos*]" = "iPhone Developer";
				COPY_PHASE_STRIP = NO;
				DEBUG_INFORMATION_FORMAT = "dwarf-with-dsym";
				ENABLE_NS_ASSERTIONS = NO;
				ENABLE_STRICT_OBJC_MSGSEND = YES;
				GCC_C_LANGUAGE_STANDARD = gnu99;
				GCC_NO_COMMON_BLOCKS = YES;
				GCC_WARN_64_TO_32_BIT_CONVERSION = YES;
				GCC_WARN_ABOUT_RETURN_TYPE = YES_ERROR;
				GCC_WARN_UNDECLARED_SELECTOR = YES;
				GCC_WARN_UNINITIALIZED_AUTOS = YES_AGGRESSIVE;
				GCC_WARN_UNUSED_FUNCTION = YES;
				GCC_WARN_UNUSED_VARIABLE = YES;
				IPHONEOS_DEPLOYMENT_TARGET = 10.2;
				MTL_ENABLE_DEBUG_INFO = NO;
				SDKROOT = iphoneos;
				SWIFT_OPTIMIZATION_LEVEL = "-Owholemodule";
				TARGETED_DEVICE_FAMILY = "1,2";
				VALIDATE_PRODUCT = YES;
			};
			name = Release;
		};
		6C1C2CA41E2DDC8D00D00AD9 /* Debug */ = {
			isa = XCBuildConfiguration;
			buildSettings = {
				ASSETCATALOG_COMPILER_APPICON_NAME = AppIcon;
				INFOPLIST_FILE = tictactoe/Info.plist;
				LD_RUNPATH_SEARCH_PATHS = "$(inherited) @executable_path/Frameworks";
				PRODUCT_BUNDLE_IDENTIFIER = com.appdelight.tictactoe;
				PRODUCT_NAME = "$(TARGET_NAME)";
				SWIFT_SWIFT3_OBJC_INFERENCE = Default;
				SWIFT_VERSION = 4.0;
			};
			name = Debug;
		};
		6C1C2CA51E2DDC8D00D00AD9 /* Release */ = {
			isa = XCBuildConfiguration;
			buildSettings = {
				ASSETCATALOG_COMPILER_APPICON_NAME = AppIcon;
				INFOPLIST_FILE = tictactoe/Info.plist;
				LD_RUNPATH_SEARCH_PATHS = "$(inherited) @executable_path/Frameworks";
				PRODUCT_BUNDLE_IDENTIFIER = com.appdelight.tictactoe;
				PRODUCT_NAME = "$(TARGET_NAME)";
				SWIFT_SWIFT3_OBJC_INFERENCE = Default;
				SWIFT_VERSION = 4.0;
			};
			name = Release;
		};
/* End XCBuildConfiguration section */

/* Begin XCConfigurationList section */
		6C1C2C8C1E2DDC8C00D00AD9 /* Build configuration list for PBXProject "tictactoe" */ = {
			isa = XCConfigurationList;
			buildConfigurations = (
				6C1C2CA11E2DDC8D00D00AD9 /* Debug */,
				6C1C2CA21E2DDC8D00D00AD9 /* Release */,
			);
			defaultConfigurationIsVisible = 0;
			defaultConfigurationName = Release;
		};
		6C1C2CA31E2DDC8D00D00AD9 /* Build configuration list for PBXNativeTarget "tictactoe" */ = {
			isa = XCConfigurationList;
			buildConfigurations = (
				6C1C2CA41E2DDC8D00D00AD9 /* Debug */,
				6C1C2CA51E2DDC8D00D00AD9 /* Release */,
			);
			defaultConfigurationIsVisible = 0;
			defaultConfigurationName = Release;
		};
/* End XCConfigurationList section */
	};
	rootObject = 6C1C2C891E2DDC8C00D00AD9 /* Project object */;
}
